{
  "name": "someoneamzing.github.io",
  "version": "1.0.0",
  "lockfileVersion": 1,
  "requires": true,
  "dependencies": {
    "marked": {
      "version": "1.1.1",
      "resolved": "https://registry.npmjs.org/marked/-/marked-1.1.1.tgz",
      "integrity": "sha512-mJzT8D2yPxoPh7h0UXkB+dBj4FykPJ2OIfxAWeIHrvoHDkFxukV/29QxoFQoPM6RLEwhIFdJpmKBlqVM3s2ZIw=="
    },
    "node-fetch": {
      "version": "2.6.1",
      "resolved": "https://registry.npmjs.org/node-fetch/-/node-fetch-2.6.1.tgz",
      "integrity": "sha512-V4aYg89jEoVRxRb2fJdAg8FHvI7cEyYdVAh94HH0UIK8oJxUfkjlDQN9RbMx+bEjP7+ggMiFRprSti032Oipxw=="
    },
    "slugger": {
      "version": "1.0.1",
      "resolved": "https://registry.npmjs.org/slugger/-/slugger-1.0.1.tgz",
      "integrity": "sha1-eEQ2CMtuiV9+tcbARFayfI2Xc1s="
    },
    "slugger-unique": {
      "version": "1.0.1",
      "resolved": "https://registry.npmjs.org/slugger-unique/-/slugger-unique-1.0.1.tgz",
      "integrity": "sha512-5XJKi/06Gzts1uwL7flpmEV7pBH6cq1PfQKSBaQLfJYHnPPgQWa1eBRD/pMvG7ugFXIAp9wbOt24dwxKXFx1Cw==",
      "requires": {
        "slugger": "^1.0.0"
      }
    },
    "uuid": {
      "version": "8.3.0",
      "resolved": "https://registry.npmjs.org/uuid/-/uuid-8.3.0.tgz",
      "integrity": "sha512-fX6Z5o4m6XsXBdli9g7DtWgAx+osMsRRZFKma1mIUsLCz6vRvv+pz5VNbyu9UEDzpMWulZfvpgb/cmDXVulYFQ=="
    }
  }
}
